// !$*UTF8*$!
{
	archiveVersion = 1;
	classes = {
	};
	objectVersion = 53;
	objects = {

/* Begin PBXBuildFile section */
		B60CBD85276C7ADE00A77007 /* PlatformView.swift in Sources */ = {isa = PBXBuildFile; fileRef = B60CBD84276C7ADE00A77007 /* PlatformView.swift */; };
		B60CBD86276C7ADE00A77007 /* PlatformView.swift in Sources */ = {isa = PBXBuildFile; fileRef = B60CBD84276C7ADE00A77007 /* PlatformView.swift */; };
		B60E4E1127796E43000E6E7E /* AchievementsView.swift in Sources */ = {isa = PBXBuildFile; fileRef = B60E4E1027796E43000E6E7E /* AchievementsView.swift */; };
		B60E4E1227796E43000E6E7E /* AchievementsView.swift in Sources */ = {isa = PBXBuildFile; fileRef = B60E4E1027796E43000E6E7E /* AchievementsView.swift */; };
		B623593A2777012100687A31 /* HintView.swift in Sources */ = {isa = PBXBuildFile; fileRef = B62359392777012100687A31 /* HintView.swift */; };
		B623593B2777012100687A31 /* HintView.swift in Sources */ = {isa = PBXBuildFile; fileRef = B62359392777012100687A31 /* HintView.swift */; };
		B62E80AF27700EF10049D47B /* ShopView.swift in Sources */ = {isa = PBXBuildFile; fileRef = B62E80AE27700EF10049D47B /* ShopView.swift */; };
		B62E80B027700EF10049D47B /* ShopView.swift in Sources */ = {isa = PBXBuildFile; fileRef = B62E80AE27700EF10049D47B /* ShopView.swift */; };
		B63F8215276D6BB9005CF14A /* WordListView.swift in Sources */ = {isa = PBXBuildFile; fileRef = B63F8214276D6BB9005CF14A /* WordListView.swift */; };
		B63F8216276D6BB9005CF14A /* WordListView.swift in Sources */ = {isa = PBXBuildFile; fileRef = B63F8214276D6BB9005CF14A /* WordListView.swift */; };
		B63F821B276D70BA005CF14A /* WordListModel.swift in Sources */ = {isa = PBXBuildFile; fileRef = B63F821A276D70BA005CF14A /* WordListModel.swift */; };
		B63F821C276D70BA005CF14A /* WordListModel.swift in Sources */ = {isa = PBXBuildFile; fileRef = B63F821A276D70BA005CF14A /* WordListModel.swift */; };
		B63F8221276D7404005CF14A /* Lists.swift in Sources */ = {isa = PBXBuildFile; fileRef = B63F8220276D7404005CF14A /* Lists.swift */; };
		B63F8222276D7404005CF14A /* Lists.swift in Sources */ = {isa = PBXBuildFile; fileRef = B63F8220276D7404005CF14A /* Lists.swift */; };
		B6588301276ABB7E007F3983 /* GameOverView.swift in Sources */ = {isa = PBXBuildFile; fileRef = B6588300276ABB7E007F3983 /* GameOverView.swift */; };
		B6588302276ABB7E007F3983 /* GameOverView.swift in Sources */ = {isa = PBXBuildFile; fileRef = B6588300276ABB7E007F3983 /* GameOverView.swift */; };
		B6670638276ADD7D00C25162 /* HangmanApp.swift in Sources */ = {isa = PBXBuildFile; fileRef = B6670637276ADD7D00C25162 /* HangmanApp.swift */; };
		B6670639276ADD7D00C25162 /* HangmanApp.swift in Sources */ = {isa = PBXBuildFile; fileRef = B6670637276ADD7D00C25162 /* HangmanApp.swift */; };
		B67EDD35277185AD00DA1A91 /* ShopItems.swift in Sources */ = {isa = PBXBuildFile; fileRef = B67EDD34277185AD00DA1A91 /* ShopItems.swift */; };
		B67EDD36277185AD00DA1A91 /* ShopItems.swift in Sources */ = {isa = PBXBuildFile; fileRef = B67EDD34277185AD00DA1A91 /* ShopItems.swift */; };
		B682DB8C2765B52800FFAC75 /* ContentView.swift in Sources */ = {isa = PBXBuildFile; fileRef = B67098AD275CBA2700CBA442 /* ContentView.swift */; };
		B682DB8D2765B52800FFAC75 /* ContentView.swift in Sources */ = {isa = PBXBuildFile; fileRef = B67098AD275CBA2700CBA442 /* ContentView.swift */; };
		B682DB8E2765B52A00FFAC75 /* GameView.swift in Sources */ = {isa = PBXBuildFile; fileRef = B6A5E48E27604EC500150DD8 /* GameView.swift */; };
		B682DB8F2765B52B00FFAC75 /* GameView.swift in Sources */ = {isa = PBXBuildFile; fileRef = B6A5E48E27604EC500150DD8 /* GameView.swift */; };
		B682DB902765B52D00FFAC75 /* KeyboardView.swift in Sources */ = {isa = PBXBuildFile; fileRef = B68B15A127606BA60013A443 /* KeyboardView.swift */; };
		B682DB912765B52E00FFAC75 /* KeyboardView.swift in Sources */ = {isa = PBXBuildFile; fileRef = B68B15A127606BA60013A443 /* KeyboardView.swift */; };
		B682DB922765B53000FFAC75 /* Helpers.swift in Sources */ = {isa = PBXBuildFile; fileRef = B638C293275F4C9D00BAF610 /* Helpers.swift */; };
		B682DB932765B53100FFAC75 /* Helpers.swift in Sources */ = {isa = PBXBuildFile; fileRef = B638C293275F4C9D00BAF610 /* Helpers.swift */; };
		B682DB942765B55700FFAC75 /* DebugView.swift in Sources */ = {isa = PBXBuildFile; fileRef = B682DB512765B2A900FFAC75 /* DebugView.swift */; };
		B682DB952765B55700FFAC75 /* DebugView.swift in Sources */ = {isa = PBXBuildFile; fileRef = B682DB512765B2A900FFAC75 /* DebugView.swift */; };
		B682DB962765B58C00FFAC75 /* Assets.xcassets in Resources */ = {isa = PBXBuildFile; fileRef = B682DB6A2765B35500FFAC75 /* Assets.xcassets */; };
		B682DB972765B58D00FFAC75 /* Assets.xcassets in Resources */ = {isa = PBXBuildFile; fileRef = B682DB6A2765B35500FFAC75 /* Assets.xcassets */; };
		B682DB982765B5C300FFAC75 /* WordList.swift in Sources */ = {isa = PBXBuildFile; fileRef = B63DED76275E0FD500466F46 /* WordList.swift */; };
		B682DB992765B5C300FFAC75 /* WordList.swift in Sources */ = {isa = PBXBuildFile; fileRef = B63DED76275E0FD500466F46 /* WordList.swift */; };
		B683CB9A276C4665008C8096 /* StatisticsView.swift in Sources */ = {isa = PBXBuildFile; fileRef = B683CB99276C4665008C8096 /* StatisticsView.swift */; };
		B683CB9B276C4665008C8096 /* StatisticsView.swift in Sources */ = {isa = PBXBuildFile; fileRef = B683CB99276C4665008C8096 /* StatisticsView.swift */; };
		B683CBA0276C5804008C8096 /* Vibrations.swift in Sources */ = {isa = PBXBuildFile; fileRef = B683CB9F276C5804008C8096 /* Vibrations.swift */; };
		B683CBA1276C5855008C8096 /* Vibrations.swift in Sources */ = {isa = PBXBuildFile; fileRef = B683CB9F276C5804008C8096 /* Vibrations.swift */; };
		B683CBA5276C66D4008C8096 /* ToolbarView.swift in Sources */ = {isa = PBXBuildFile; fileRef = B683CBA4276C66D4008C8096 /* ToolbarView.swift */; };
		B683CBA6276C6700008C8096 /* ToolbarView.swift in Sources */ = {isa = PBXBuildFile; fileRef = B683CBA4276C66D4008C8096 /* ToolbarView.swift */; };
		B6BB196F2771D9B9003B2DCF /* DebugOptions.swift in Sources */ = {isa = PBXBuildFile; fileRef = B6BB196E2771D9B9003B2DCF /* DebugOptions.swift */; };
		B6BB19702771D9B9003B2DCF /* DebugOptions.swift in Sources */ = {isa = PBXBuildFile; fileRef = B6BB196E2771D9B9003B2DCF /* DebugOptions.swift */; };
		B6BB19732771DF8A003B2DCF /* README.md in Resources */ = {isa = PBXBuildFile; fileRef = B6BB19722771DF89003B2DCF /* README.md */; };
		B6BB19742771DF8A003B2DCF /* README.md in Resources */ = {isa = PBXBuildFile; fileRef = B6BB19722771DF89003B2DCF /* README.md */; };
		B6C7A022276B542500BCE334 /* SettingsView.swift in Sources */ = {isa = PBXBuildFile; fileRef = B6C7A021276B542500BCE334 /* SettingsView.swift */; };
		B6C7A023276B542500BCE334 /* SettingsView.swift in Sources */ = {isa = PBXBuildFile; fileRef = B6C7A021276B542500BCE334 /* SettingsView.swift */; };
		B6D0B8F1276CAD7D00EEAF0F /* Stastistics.swift in Sources */ = {isa = PBXBuildFile; fileRef = B6D0B8F0276CAD7D00EEAF0F /* Stastistics.swift */; };
		B6D0B8F2276CAD7D00EEAF0F /* Stastistics.swift in Sources */ = {isa = PBXBuildFile; fileRef = B6D0B8F0276CAD7D00EEAF0F /* Stastistics.swift */; };
		B6D6C0B22772B96C009C92AB /* ResetDataView.swift in Sources */ = {isa = PBXBuildFile; fileRef = B6D6C0B12772B96C009C92AB /* ResetDataView.swift */; };
		B6D6C0B32772B96C009C92AB /* ResetDataView.swift in Sources */ = {isa = PBXBuildFile; fileRef = B6D6C0B12772B96C009C92AB /* ResetDataView.swift */; };
		B6D702E4277869B400BB7795 /* GuessWordView.swift in Sources */ = {isa = PBXBuildFile; fileRef = B6D702E32778696200BB7795 /* GuessWordView.swift */; };
		B6D702E527786A0600BB7795 /* GuessWordView.swift in Sources */ = {isa = PBXBuildFile; fileRef = B6D702E32778696200BB7795 /* GuessWordView.swift */; };
		B6FBAC582769A3F3002FCC88 /* AppData.swift in Sources */ = {isa = PBXBuildFile; fileRef = B6FBAC572769A3F3002FCC88 /* AppData.swift */; };
		B6FBAC592769A3F3002FCC88 /* AppData.swift in Sources */ = {isa = PBXBuildFile; fileRef = B6FBAC572769A3F3002FCC88 /* AppData.swift */; };
/* End PBXBuildFile section */

/* Begin PBXFileReference section */
		B60CBD84276C7ADE00A77007 /* PlatformView.swift */ = {isa = PBXFileReference; lastKnownFileType = sourcecode.swift; path = PlatformView.swift; sourceTree = "<group>"; };
		B60E4E1027796E43000E6E7E /* AchievementsView.swift */ = {isa = PBXFileReference; lastKnownFileType = sourcecode.swift; path = AchievementsView.swift; sourceTree = "<group>"; };
		B62359392777012100687A31 /* HintView.swift */ = {isa = PBXFileReference; lastKnownFileType = sourcecode.swift; name = HintView.swift; path = "Hangman/Views/Toolbar Views/Toolbar Items/HintView.swift"; sourceTree = SOURCE_ROOT; };
		B62E80AE27700EF10049D47B /* ShopView.swift */ = {isa = PBXFileReference; lastKnownFileType = sourcecode.swift; path = ShopView.swift; sourceTree = "<group>"; };
		B638C293275F4C9D00BAF610 /* Helpers.swift */ = {isa = PBXFileReference; lastKnownFileType = sourcecode.swift; path = Helpers.swift; sourceTree = "<group>"; };
		B63DED76275E0FD500466F46 /* WordList.swift */ = {isa = PBXFileReference; lastKnownFileType = sourcecode.swift; path = WordList.swift; sourceTree = "<group>"; };
		B63F8214276D6BB9005CF14A /* WordListView.swift */ = {isa = PBXFileReference; lastKnownFileType = sourcecode.swift; path = WordListView.swift; sourceTree = "<group>"; };
		B63F821A276D70BA005CF14A /* WordListModel.swift */ = {isa = PBXFileReference; lastKnownFileType = sourcecode.swift; path = WordListModel.swift; sourceTree = "<group>"; };
		B63F8220276D7404005CF14A /* Lists.swift */ = {isa = PBXFileReference; lastKnownFileType = sourcecode.swift; path = Lists.swift; sourceTree = "<group>"; };
		B6588300276ABB7E007F3983 /* GameOverView.swift */ = {isa = PBXFileReference; lastKnownFileType = sourcecode.swift; path = GameOverView.swift; sourceTree = "<group>"; };
		B6670637276ADD7D00C25162 /* HangmanApp.swift */ = {isa = PBXFileReference; fileEncoding = 4; lastKnownFileType = sourcecode.swift; path = HangmanApp.swift; sourceTree = "<group>"; };
		B667063C276ADFEB00C25162 /* Entitlements (iOS).entitlements */ = {isa = PBXFileReference; fileEncoding = 4; lastKnownFileType = text.plist.entitlements; path = "Entitlements (iOS).entitlements"; sourceTree = "<group>"; };
		B67098AD275CBA2700CBA442 /* ContentView.swift */ = {isa = PBXFileReference; lastKnownFileType = sourcecode.swift; path = ContentView.swift; sourceTree = "<group>"; };
		B67098B2275CBA2800CBA442 /* Preview Assets.xcassets */ = {isa = PBXFileReference; lastKnownFileType = folder.assetcatalog; path = "Preview Assets.xcassets"; sourceTree = "<group>"; };
		B67EDD34277185AD00DA1A91 /* ShopItems.swift */ = {isa = PBXFileReference; fileEncoding = 4; lastKnownFileType = sourcecode.swift; path = ShopItems.swift; sourceTree = "<group>"; };
		B682DB512765B2A900FFAC75 /* DebugView.swift */ = {isa = PBXFileReference; lastKnownFileType = sourcecode.swift; path = DebugView.swift; sourceTree = "<group>"; };
		B682DB6A2765B35500FFAC75 /* Assets.xcassets */ = {isa = PBXFileReference; lastKnownFileType = folder.assetcatalog; path = Assets.xcassets; sourceTree = "<group>"; };
		B682DB782765B4B900FFAC75 /* Hangman.app */ = {isa = PBXFileReference; explicitFileType = wrapper.application; includeInIndex = 0; path = Hangman.app; sourceTree = BUILT_PRODUCTS_DIR; };
		B682DB7D2765B4B900FFAC75 /* Hangman.app */ = {isa = PBXFileReference; explicitFileType = wrapper.application; includeInIndex = 0; path = Hangman.app; sourceTree = BUILT_PRODUCTS_DIR; };
		B683CB98276C3DE9008C8096 /* Hangman--iOS--Info.plist */ = {isa = PBXFileReference; lastKnownFileType = text.plist.xml; path = "Hangman--iOS--Info.plist"; sourceTree = "<group>"; };
		B683CB99276C4665008C8096 /* StatisticsView.swift */ = {isa = PBXFileReference; lastKnownFileType = sourcecode.swift; path = StatisticsView.swift; sourceTree = "<group>"; };
		B683CB9F276C5804008C8096 /* Vibrations.swift */ = {isa = PBXFileReference; lastKnownFileType = sourcecode.swift; path = Vibrations.swift; sourceTree = "<group>"; };
		B683CBA4276C66D4008C8096 /* ToolbarView.swift */ = {isa = PBXFileReference; lastKnownFileType = sourcecode.swift; path = ToolbarView.swift; sourceTree = "<group>"; };
		B68B15A127606BA60013A443 /* KeyboardView.swift */ = {isa = PBXFileReference; lastKnownFileType = sourcecode.swift; path = KeyboardView.swift; sourceTree = "<group>"; };
		B6A5E48E27604EC500150DD8 /* GameView.swift */ = {isa = PBXFileReference; lastKnownFileType = sourcecode.swift; path = GameView.swift; sourceTree = "<group>"; };
		B6B3D3C6276099F700A8C689 /* Entitlements (macOS).entitlements */ = {isa = PBXFileReference; lastKnownFileType = text.plist.entitlements; path = "Entitlements (macOS).entitlements"; sourceTree = "<group>"; };
		B6BB196E2771D9B9003B2DCF /* DebugOptions.swift */ = {isa = PBXFileReference; lastKnownFileType = sourcecode.swift; path = DebugOptions.swift; sourceTree = "<group>"; };
		B6BB19722771DF89003B2DCF /* README.md */ = {isa = PBXFileReference; fileEncoding = 4; lastKnownFileType = net.daringfireball.markdown; path = README.md; sourceTree = SOURCE_ROOT; };
		B6C7A021276B542500BCE334 /* SettingsView.swift */ = {isa = PBXFileReference; lastKnownFileType = sourcecode.swift; path = SettingsView.swift; sourceTree = "<group>"; };
		B6D0B8F0276CAD7D00EEAF0F /* Stastistics.swift */ = {isa = PBXFileReference; lastKnownFileType = sourcecode.swift; path = Stastistics.swift; sourceTree = "<group>"; };
		B6D6C0B12772B96C009C92AB /* ResetDataView.swift */ = {isa = PBXFileReference; lastKnownFileType = sourcecode.swift; path = ResetDataView.swift; sourceTree = "<group>"; };
		B6D702E32778696200BB7795 /* GuessWordView.swift */ = {isa = PBXFileReference; lastKnownFileType = sourcecode.swift; path = GuessWordView.swift; sourceTree = "<group>"; };
		B6FBAC572769A3F3002FCC88 /* AppData.swift */ = {isa = PBXFileReference; lastKnownFileType = sourcecode.swift; path = AppData.swift; sourceTree = "<group>"; };
/* End PBXFileReference section */

/* Begin PBXFrameworksBuildPhase section */
		B682DB752765B4B900FFAC75 /* Frameworks */ = {
			isa = PBXFrameworksBuildPhase;
			buildActionMask = 2147483647;
			files = (
			);
			runOnlyForDeploymentPostprocessing = 0;
		};
		B682DB7A2765B4B900FFAC75 /* Frameworks */ = {
			isa = PBXFrameworksBuildPhase;
			buildActionMask = 2147483647;
			files = (
			);
			runOnlyForDeploymentPostprocessing = 0;
		};
/* End PBXFrameworksBuildPhase section */

/* Begin PBXGroup section */
		B62E80B227700FD70049D47B /* Toolbar Items */ = {
			isa = PBXGroup;
			children = (
				B6C7A021276B542500BCE334 /* SettingsView.swift */,
				B683CB99276C4665008C8096 /* StatisticsView.swift */,
				B62E80AE27700EF10049D47B /* ShopView.swift */,
				B60E4E1027796E43000E6E7E /* AchievementsView.swift */,
				B6BB19712771DB54003B2DCF /* Toolbar Sub Views */,
			);
			path = "Toolbar Items";
			sourceTree = "<group>";
		};
		B638C295275F4CD000BAF610 /* Views */ = {
			isa = PBXGroup;
			children = (
				B683CBA3276C64D8008C8096 /* Main Views */,
				B683CBA2276C64CF008C8096 /* Toolbar Views */,
				B65882F9276A9CAC007F3983 /* Helpers */,
			);
			path = Views;
			sourceTree = "<group>";
		};
		B65882F9276A9CAC007F3983 /* Helpers */ = {
			isa = PBXGroup;
			children = (
				B6D702E32778696200BB7795 /* GuessWordView.swift */,
				B638C293275F4C9D00BAF610 /* Helpers.swift */,
				B682DB512765B2A900FFAC75 /* DebugView.swift */,
				B683CB9F276C5804008C8096 /* Vibrations.swift */,
			);
			path = Helpers;
			sourceTree = "<group>";
		};
		B667063B276ADDE100C25162 /* Entitlements */ = {
			isa = PBXGroup;
			children = (
				B683CB98276C3DE9008C8096 /* Hangman--iOS--Info.plist */,
				B6B3D3C6276099F700A8C689 /* Entitlements (macOS).entitlements */,
				B667063C276ADFEB00C25162 /* Entitlements (iOS).entitlements */,
			);
			path = Entitlements;
			sourceTree = "<group>";
		};
		B670989F275CBA2600CBA442 = {
			isa = PBXGroup;
			children = (
				B67098AA275CBA2700CBA442 /* Hangman */,
				B6BB19722771DF89003B2DCF /* README.md */,
				B67098A9275CBA2600CBA442 /* Products */,
			);
			sourceTree = "<group>";
		};
		B67098A9275CBA2600CBA442 /* Products */ = {
			isa = PBXGroup;
			children = (
				B682DB782765B4B900FFAC75 /* Hangman.app */,
				B682DB7D2765B4B900FFAC75 /* Hangman.app */,
			);
			name = Products;
			sourceTree = "<group>";
		};
		B67098AA275CBA2700CBA442 /* Hangman */ = {
			isa = PBXGroup;
			children = (
				B6670637276ADD7D00C25162 /* HangmanApp.swift */,
				B638C295275F4CD000BAF610 /* Views */,
				B6FBAC5A2769A3FE002FCC88 /* Models */,
				B682DB9A2765B8C000FFAC75 /* WordLists */,
				B667063B276ADDE100C25162 /* Entitlements */,
				B67098B1275CBA2800CBA442 /* Preview Content */,
				B682DB6A2765B35500FFAC75 /* Assets.xcassets */,
			);
			path = Hangman;
			sourceTree = "<group>";
		};
		B67098B1275CBA2800CBA442 /* Preview Content */ = {
			isa = PBXGroup;
			children = (
				B67098B2275CBA2800CBA442 /* Preview Assets.xcassets */,
			);
			path = "Preview Content";
			sourceTree = "<group>";
		};
		B682DB9A2765B8C000FFAC75 /* WordLists */ = {
			isa = PBXGroup;
			children = (
				B63DED76275E0FD500466F46 /* WordList.swift */,
				B63F8220276D7404005CF14A /* Lists.swift */,
			);
			path = WordLists;
			sourceTree = "<group>";
		};
		B683CBA2276C64CF008C8096 /* Toolbar Views */ = {
			isa = PBXGroup;
			children = (
				B683CBA4276C66D4008C8096 /* ToolbarView.swift */,
				B62E80B227700FD70049D47B /* Toolbar Items */,
			);
			path = "Toolbar Views";
			sourceTree = "<group>";
		};
		B683CBA3276C64D8008C8096 /* Main Views */ = {
			isa = PBXGroup;
			children = (
				B67098AD275CBA2700CBA442 /* ContentView.swift */,
				B60CBD84276C7ADE00A77007 /* PlatformView.swift */,
				B6588300276ABB7E007F3983 /* GameOverView.swift */,
				B6A5E48E27604EC500150DD8 /* GameView.swift */,
				B68B15A127606BA60013A443 /* KeyboardView.swift */,
			);
			path = "Main Views";
			sourceTree = "<group>";
		};
		B6BB19712771DB54003B2DCF /* Toolbar Sub Views */ = {
			isa = PBXGroup;
			children = (
				B62359392777012100687A31 /* HintView.swift */,
				B6D6C0B12772B96C009C92AB /* ResetDataView.swift */,
				B6BB196E2771D9B9003B2DCF /* DebugOptions.swift */,
				B63F8214276D6BB9005CF14A /* WordListView.swift */,
			);
			path = "Toolbar Sub Views";
			sourceTree = "<group>";
		};
		B6FBAC5A2769A3FE002FCC88 /* Models */ = {
			isa = PBXGroup;
			children = (
				B6FBAC572769A3F3002FCC88 /* AppData.swift */,
				B6D0B8F0276CAD7D00EEAF0F /* Stastistics.swift */,
				B63F821A276D70BA005CF14A /* WordListModel.swift */,
				B67EDD34277185AD00DA1A91 /* ShopItems.swift */,
			);
			path = Models;
			sourceTree = "<group>";
		};
/* End PBXGroup section */

/* Begin PBXNativeTarget section */
		B682DB772765B4B900FFAC75 /* Hangman (iOS) */ = {
			isa = PBXNativeTarget;
			buildConfigurationList = B682DB862765B4B900FFAC75 /* Build configuration list for PBXNativeTarget "Hangman (iOS)" */;
			buildPhases = (
				B682DB742765B4B900FFAC75 /* Sources */,
				B682DB752765B4B900FFAC75 /* Frameworks */,
				B682DB762765B4B900FFAC75 /* Resources */,
			);
			buildRules = (
			);
			dependencies = (
			);
			name = "Hangman (iOS)";
			productName = "Hangman (iOS)";
			productReference = B682DB782765B4B900FFAC75 /* Hangman.app */;
			productType = "com.apple.product-type.application";
		};
		B682DB7C2765B4B900FFAC75 /* Hangman (macOS) */ = {
			isa = PBXNativeTarget;
			buildConfigurationList = B682DB892765B4B900FFAC75 /* Build configuration list for PBXNativeTarget "Hangman (macOS)" */;
			buildPhases = (
				B682DB792765B4B900FFAC75 /* Sources */,
				B682DB7A2765B4B900FFAC75 /* Frameworks */,
				B682DB7B2765B4B900FFAC75 /* Resources */,
			);
			buildRules = (
			);
			dependencies = (
			);
			name = "Hangman (macOS)";
			productName = "Hangman (macOS)";
			productReference = B682DB7D2765B4B900FFAC75 /* Hangman.app */;
			productType = "com.apple.product-type.application";
		};
/* End PBXNativeTarget section */

/* Begin PBXProject section */
		B67098A0275CBA2600CBA442 /* Project object */ = {
			isa = PBXProject;
			attributes = {
				BuildIndependentTargetsInParallel = 1;
				LastSwiftUpdateCheck = 1310;
				LastUpgradeCheck = 1320;
				TargetAttributes = {
					B682DB772765B4B900FFAC75 = {
						CreatedOnToolsVersion = 13.1;
					};
					B682DB7C2765B4B900FFAC75 = {
						CreatedOnToolsVersion = 13.1;
					};
				};
			};
			buildConfigurationList = B67098A3275CBA2600CBA442 /* Build configuration list for PBXProject "Hangman" */;
			compatibilityVersion = "Xcode 11.0";
			developmentRegion = en;
			hasScannedForEncodings = 0;
			knownRegions = (
				en,
				Base,
			);
			mainGroup = B670989F275CBA2600CBA442;
			productRefGroup = B67098A9275CBA2600CBA442 /* Products */;
			projectDirPath = "";
			projectRoot = "";
			targets = (
				B682DB772765B4B900FFAC75 /* Hangman (iOS) */,
				B682DB7C2765B4B900FFAC75 /* Hangman (macOS) */,
			);
		};
/* End PBXProject section */

/* Begin PBXResourcesBuildPhase section */
		B682DB762765B4B900FFAC75 /* Resources */ = {
			isa = PBXResourcesBuildPhase;
			buildActionMask = 2147483647;
			files = (
				B6BB19732771DF8A003B2DCF /* README.md in Resources */,
				B682DB962765B58C00FFAC75 /* Assets.xcassets in Resources */,
			);
			runOnlyForDeploymentPostprocessing = 0;
		};
		B682DB7B2765B4B900FFAC75 /* Resources */ = {
			isa = PBXResourcesBuildPhase;
			buildActionMask = 2147483647;
			files = (
				B6BB19742771DF8A003B2DCF /* README.md in Resources */,
				B682DB972765B58D00FFAC75 /* Assets.xcassets in Resources */,
			);
			runOnlyForDeploymentPostprocessing = 0;
		};
/* End PBXResourcesBuildPhase section */

/* Begin PBXSourcesBuildPhase section */
		B682DB742765B4B900FFAC75 /* Sources */ = {
			isa = PBXSourcesBuildPhase;
			buildActionMask = 2147483647;
			files = (
				B63F8215276D6BB9005CF14A /* WordListView.swift in Sources */,
				B682DB952765B55700FFAC75 /* DebugView.swift in Sources */,
				B6FBAC582769A3F3002FCC88 /* AppData.swift in Sources */,
				B6670638276ADD7D00C25162 /* HangmanApp.swift in Sources */,
				B6D0B8F1276CAD7D00EEAF0F /* Stastistics.swift in Sources */,
				B60CBD85276C7ADE00A77007 /* PlatformView.swift in Sources */,
				B682DB982765B5C300FFAC75 /* WordList.swift in Sources */,
				B623593A2777012100687A31 /* HintView.swift in Sources */,
				B683CBA0276C5804008C8096 /* Vibrations.swift in Sources */,
				B682DB8C2765B52800FFAC75 /* ContentView.swift in Sources */,
				B67EDD35277185AD00DA1A91 /* ShopItems.swift in Sources */,
				B683CBA5276C66D4008C8096 /* ToolbarView.swift in Sources */,
				B6D702E4277869B400BB7795 /* GuessWordView.swift in Sources */,
				B6BB196F2771D9B9003B2DCF /* DebugOptions.swift in Sources */,
				B6C7A022276B542500BCE334 /* SettingsView.swift in Sources */,
				B63F821B276D70BA005CF14A /* WordListModel.swift in Sources */,
				B682DB8E2765B52A00FFAC75 /* GameView.swift in Sources */,
				B60E4E1127796E43000E6E7E /* AchievementsView.swift in Sources */,
				B682DB902765B52D00FFAC75 /* KeyboardView.swift in Sources */,
				B683CB9A276C4665008C8096 /* StatisticsView.swift in Sources */,
				B682DB932765B53100FFAC75 /* Helpers.swift in Sources */,
				B63F8221276D7404005CF14A /* Lists.swift in Sources */,
				B6D6C0B22772B96C009C92AB /* ResetDataView.swift in Sources */,
				B62E80AF27700EF10049D47B /* ShopView.swift in Sources */,
				B6588301276ABB7E007F3983 /* GameOverView.swift in Sources */,
			);
			runOnlyForDeploymentPostprocessing = 0;
		};
		B682DB792765B4B900FFAC75 /* Sources */ = {
			isa = PBXSourcesBuildPhase;
			buildActionMask = 2147483647;
			files = (
				B63F8216276D6BB9005CF14A /* WordListView.swift in Sources */,
				B682DB942765B55700FFAC75 /* DebugView.swift in Sources */,
				B6FBAC592769A3F3002FCC88 /* AppData.swift in Sources */,
				B6670639276ADD7D00C25162 /* HangmanApp.swift in Sources */,
				B6D0B8F2276CAD7D00EEAF0F /* Stastistics.swift in Sources */,
				B60CBD86276C7ADE00A77007 /* PlatformView.swift in Sources */,
				B682DB992765B5C300FFAC75 /* WordList.swift in Sources */,
				B683CBA1276C5855008C8096 /* Vibrations.swift in Sources */,
				B682DB8D2765B52800FFAC75 /* ContentView.swift in Sources */,
				B67EDD36277185AD00DA1A91 /* ShopItems.swift in Sources */,
				B683CBA6276C6700008C8096 /* ToolbarView.swift in Sources */,
				B6BB19702771D9B9003B2DCF /* DebugOptions.swift in Sources */,
				B6D702E527786A0600BB7795 /* GuessWordView.swift in Sources */,
				B6C7A023276B542500BCE334 /* SettingsView.swift in Sources */,
				B63F821C276D70BA005CF14A /* WordListModel.swift in Sources */,
				B682DB8F2765B52B00FFAC75 /* GameView.swift in Sources */,
				B623593B2777012100687A31 /* HintView.swift in Sources */,
				B60E4E1227796E43000E6E7E /* AchievementsView.swift in Sources */,
				B682DB912765B52E00FFAC75 /* KeyboardView.swift in Sources */,
				B683CB9B276C4665008C8096 /* StatisticsView.swift in Sources */,
				B682DB922765B53000FFAC75 /* Helpers.swift in Sources */,
				B63F8222276D7404005CF14A /* Lists.swift in Sources */,
				B6D6C0B32772B96C009C92AB /* ResetDataView.swift in Sources */,
				B62E80B027700EF10049D47B /* ShopView.swift in Sources */,
				B6588302276ABB7E007F3983 /* GameOverView.swift in Sources */,
			);
			runOnlyForDeploymentPostprocessing = 0;
		};
/* End PBXSourcesBuildPhase section */

/* Begin XCBuildConfiguration section */
		B67098B4275CBA2800CBA442 /* Debug */ = {
			isa = XCBuildConfiguration;
			buildSettings = {
				ALWAYS_SEARCH_USER_PATHS = NO;
				CLANG_ANALYZER_NONNULL = YES;
				CLANG_ANALYZER_NUMBER_OBJECT_CONVERSION = YES_AGGRESSIVE;
				CLANG_CXX_LANGUAGE_STANDARD = "gnu++17";
				CLANG_CXX_LIBRARY = "libc++";
				CLANG_ENABLE_MODULES = YES;
				CLANG_ENABLE_OBJC_ARC = YES;
				CLANG_ENABLE_OBJC_WEAK = YES;
				CLANG_WARN_BLOCK_CAPTURE_AUTORELEASING = YES;
				CLANG_WARN_BOOL_CONVERSION = YES;
				CLANG_WARN_COMMA = YES;
				CLANG_WARN_CONSTANT_CONVERSION = YES;
				CLANG_WARN_DEPRECATED_OBJC_IMPLEMENTATIONS = YES;
				CLANG_WARN_DIRECT_OBJC_ISA_USAGE = YES_ERROR;
				CLANG_WARN_DOCUMENTATION_COMMENTS = YES;
				CLANG_WARN_EMPTY_BODY = YES;
				CLANG_WARN_ENUM_CONVERSION = YES;
				CLANG_WARN_INFINITE_RECURSION = YES;
				CLANG_WARN_INT_CONVERSION = YES;
				CLANG_WARN_NON_LITERAL_NULL_CONVERSION = YES;
				CLANG_WARN_OBJC_IMPLICIT_RETAIN_SELF = YES;
				CLANG_WARN_OBJC_LITERAL_CONVERSION = YES;
				CLANG_WARN_OBJC_ROOT_CLASS = YES_ERROR;
				CLANG_WARN_QUOTED_INCLUDE_IN_FRAMEWORK_HEADER = YES;
				CLANG_WARN_RANGE_LOOP_ANALYSIS = YES;
				CLANG_WARN_STRICT_PROTOTYPES = YES;
				CLANG_WARN_SUSPICIOUS_MOVE = YES;
				CLANG_WARN_UNGUARDED_AVAILABILITY = YES_AGGRESSIVE;
				CLANG_WARN_UNREACHABLE_CODE = YES;
				CLANG_WARN__DUPLICATE_METHOD_MATCH = YES;
				COPY_PHASE_STRIP = NO;
				DEBUG_INFORMATION_FORMAT = dwarf;
				ENABLE_STRICT_OBJC_MSGSEND = YES;
				ENABLE_TESTABILITY = YES;
				GCC_C_LANGUAGE_STANDARD = gnu11;
				GCC_DYNAMIC_NO_PIC = NO;
				GCC_NO_COMMON_BLOCKS = YES;
				GCC_OPTIMIZATION_LEVEL = 0;
				GCC_PREPROCESSOR_DEFINITIONS = (
					"DEBUG=1",
					"$(inherited)",
				);
				GCC_WARN_64_TO_32_BIT_CONVERSION = YES;
				GCC_WARN_ABOUT_RETURN_TYPE = YES_ERROR;
				GCC_WARN_UNDECLARED_SELECTOR = YES;
				GCC_WARN_UNINITIALIZED_AUTOS = YES_AGGRESSIVE;
				GCC_WARN_UNUSED_FUNCTION = YES;
				GCC_WARN_UNUSED_VARIABLE = YES;
				IPHONEOS_DEPLOYMENT_TARGET = 15.0;
				MACOSX_DEPLOYMENT_TARGET = 12.0;
				MTL_ENABLE_DEBUG_INFO = INCLUDE_SOURCE;
				MTL_FAST_MATH = YES;
				ONLY_ACTIVE_ARCH = YES;
				SDKROOT = iphoneos;
				SWIFT_ACTIVE_COMPILATION_CONDITIONS = DEBUG;
				SWIFT_OPTIMIZATION_LEVEL = "-Onone";
			};
			name = Debug;
		};
		B67098B5275CBA2800CBA442 /* Release */ = {
			isa = XCBuildConfiguration;
			buildSettings = {
				ALWAYS_SEARCH_USER_PATHS = NO;
				CLANG_ANALYZER_NONNULL = YES;
				CLANG_ANALYZER_NUMBER_OBJECT_CONVERSION = YES_AGGRESSIVE;
				CLANG_CXX_LANGUAGE_STANDARD = "gnu++17";
				CLANG_CXX_LIBRARY = "libc++";
				CLANG_ENABLE_MODULES = YES;
				CLANG_ENABLE_OBJC_ARC = YES;
				CLANG_ENABLE_OBJC_WEAK = YES;
				CLANG_WARN_BLOCK_CAPTURE_AUTORELEASING = YES;
				CLANG_WARN_BOOL_CONVERSION = YES;
				CLANG_WARN_COMMA = YES;
				CLANG_WARN_CONSTANT_CONVERSION = YES;
				CLANG_WARN_DEPRECATED_OBJC_IMPLEMENTATIONS = YES;
				CLANG_WARN_DIRECT_OBJC_ISA_USAGE = YES_ERROR;
				CLANG_WARN_DOCUMENTATION_COMMENTS = YES;
				CLANG_WARN_EMPTY_BODY = YES;
				CLANG_WARN_ENUM_CONVERSION = YES;
				CLANG_WARN_INFINITE_RECURSION = YES;
				CLANG_WARN_INT_CONVERSION = YES;
				CLANG_WARN_NON_LITERAL_NULL_CONVERSION = YES;
				CLANG_WARN_OBJC_IMPLICIT_RETAIN_SELF = YES;
				CLANG_WARN_OBJC_LITERAL_CONVERSION = YES;
				CLANG_WARN_OBJC_ROOT_CLASS = YES_ERROR;
				CLANG_WARN_QUOTED_INCLUDE_IN_FRAMEWORK_HEADER = YES;
				CLANG_WARN_RANGE_LOOP_ANALYSIS = YES;
				CLANG_WARN_STRICT_PROTOTYPES = YES;
				CLANG_WARN_SUSPICIOUS_MOVE = YES;
				CLANG_WARN_UNGUARDED_AVAILABILITY = YES_AGGRESSIVE;
				CLANG_WARN_UNREACHABLE_CODE = YES;
				CLANG_WARN__DUPLICATE_METHOD_MATCH = YES;
				COPY_PHASE_STRIP = NO;
				DEBUG_INFORMATION_FORMAT = "dwarf-with-dsym";
				ENABLE_NS_ASSERTIONS = NO;
				ENABLE_STRICT_OBJC_MSGSEND = YES;
				GCC_C_LANGUAGE_STANDARD = gnu11;
				GCC_NO_COMMON_BLOCKS = YES;
				GCC_WARN_64_TO_32_BIT_CONVERSION = YES;
				GCC_WARN_ABOUT_RETURN_TYPE = YES_ERROR;
				GCC_WARN_UNDECLARED_SELECTOR = YES;
				GCC_WARN_UNINITIALIZED_AUTOS = YES_AGGRESSIVE;
				GCC_WARN_UNUSED_FUNCTION = YES;
				GCC_WARN_UNUSED_VARIABLE = YES;
				IPHONEOS_DEPLOYMENT_TARGET = 15.0;
				MACOSX_DEPLOYMENT_TARGET = 12.0;
				MTL_ENABLE_DEBUG_INFO = NO;
				MTL_FAST_MATH = YES;
				SDKROOT = iphoneos;
				SWIFT_COMPILATION_MODE = wholemodule;
				SWIFT_OPTIMIZATION_LEVEL = "-O";
				VALIDATE_PRODUCT = YES;
			};
			name = Release;
		};
		B682DB872765B4B900FFAC75 /* Debug */ = {
			isa = XCBuildConfiguration;
			buildSettings = {
				ASSETCATALOG_COMPILER_APPICON_NAME = AppIcon;
				ASSETCATALOG_COMPILER_GLOBAL_ACCENT_COLOR_NAME = AccentColor;
				ASSETCATALOG_COMPILER_INCLUDE_ALL_APPICON_ASSETS = NO;
				CODE_SIGN_ENTITLEMENTS = "Hangman/Entitlements/Entitlements (iOS).entitlements";
				CODE_SIGN_IDENTITY = "Apple Development";
				CODE_SIGN_STYLE = Automatic;
				CURRENT_PROJECT_VERSION = 1;
				DEVELOPMENT_TEAM = 8FW6S5Z4LA;
				ENABLE_PREVIEWS = YES;
				GENERATE_INFOPLIST_FILE = YES;
				INFOPLIST_FILE = "Hangman/Entitlements/Hangman--iOS--Info.plist";
				INFOPLIST_KEY_LSApplicationCategoryType = "public.app-category.word-games";
				INFOPLIST_KEY_UIApplicationSupportsIndirectInputEvents = YES;
				INFOPLIST_KEY_UILaunchScreen_Generation = YES;
				INFOPLIST_KEY_UIRequiresFullScreen = YES;
				INFOPLIST_KEY_UISupportedInterfaceOrientations = "UIInterfaceOrientationPortrait UIInterfaceOrientationPortraitUpsideDown";
				INFOPLIST_KEY_UISupportedInterfaceOrientations_iPad = "UIInterfaceOrientationPortrait UIInterfaceOrientationPortraitUpsideDown ";
				INFOPLIST_KEY_UISupportedInterfaceOrientations_iPhone = "UIInterfaceOrientationPortrait UIInterfaceOrientationPortraitUpsideDown";
				IPHONEOS_DEPLOYMENT_TARGET = 15.0;
				LD_RUNPATH_SEARCH_PATHS = (
					"$(inherited)",
					"@executable_path/Frameworks",
				);
				MARKETING_VERSION = 1.0;
				PRODUCT_BUNDLE_IDENTIFIER = org.Alessian.Hangman;
				PRODUCT_NAME = Hangman;
				PROVISIONING_PROFILE_SPECIFIER = "";
				SDKROOT = iphoneos;
				SUPPORTS_MACCATALYST = NO;
				SUPPORTS_MAC_DESIGNED_FOR_IPHONE_IPAD = NO;
				SWIFT_EMIT_LOC_STRINGS = YES;
				SWIFT_VERSION = 5.0;
				TARGETED_DEVICE_FAMILY = "1,2";
			};
			name = Debug;
		};
		B682DB882765B4B900FFAC75 /* Release */ = {
			isa = XCBuildConfiguration;
			buildSettings = {
				ASSETCATALOG_COMPILER_APPICON_NAME = AppIcon;
				ASSETCATALOG_COMPILER_GLOBAL_ACCENT_COLOR_NAME = AccentColor;
				ASSETCATALOG_COMPILER_INCLUDE_ALL_APPICON_ASSETS = NO;
				CODE_SIGN_ENTITLEMENTS = "Hangman/Entitlements/Entitlements (iOS).entitlements";
				CODE_SIGN_STYLE = Automatic;
				CURRENT_PROJECT_VERSION = 1;
				DEVELOPMENT_TEAM = 8FW6S5Z4LA;
				ENABLE_PREVIEWS = YES;
				GENERATE_INFOPLIST_FILE = YES;
				INFOPLIST_FILE = "Hangman/Entitlements/Hangman--iOS--Info.plist";
				INFOPLIST_KEY_LSApplicationCategoryType = "public.app-category.word-games";
				INFOPLIST_KEY_UIApplicationSupportsIndirectInputEvents = YES;
				INFOPLIST_KEY_UILaunchScreen_Generation = YES;
				INFOPLIST_KEY_UIRequiresFullScreen = YES;
				INFOPLIST_KEY_UISupportedInterfaceOrientations = "UIInterfaceOrientationPortrait UIInterfaceOrientationPortraitUpsideDown";
				INFOPLIST_KEY_UISupportedInterfaceOrientations_iPad = "UIInterfaceOrientationPortrait UIInterfaceOrientationPortraitUpsideDown ";
				INFOPLIST_KEY_UISupportedInterfaceOrientations_iPhone = "UIInterfaceOrientationPortrait UIInterfaceOrientationPortraitUpsideDown";
				IPHONEOS_DEPLOYMENT_TARGET = 15.0;
				LD_RUNPATH_SEARCH_PATHS = (
					"$(inherited)",
					"@executable_path/Frameworks",
				);
				MARKETING_VERSION = 1.0;
				PRODUCT_BUNDLE_IDENTIFIER = org.Alessian.Hangman;
				PRODUCT_NAME = Hangman;
				SDKROOT = iphoneos;
				SUPPORTS_MACCATALYST = NO;
				SUPPORTS_MAC_DESIGNED_FOR_IPHONE_IPAD = NO;
				SWIFT_EMIT_LOC_STRINGS = YES;
				SWIFT_VERSION = 5.0;
				TARGETED_DEVICE_FAMILY = "1,2";
				VALIDATE_PRODUCT = YES;
			};
			name = Release;
		};
		B682DB8A2765B4B900FFAC75 /* Debug */ = {
			isa = XCBuildConfiguration;
			buildSettings = {
				ASSETCATALOG_COMPILER_APPICON_NAME = AppIcon;
				ASSETCATALOG_COMPILER_GLOBAL_ACCENT_COLOR_NAME = AccentColor;
				CODE_SIGN_ENTITLEMENTS = "Hangman/Entitlements/Entitlements (macOS).entitlements";
				CODE_SIGN_IDENTITY = "-";
				CODE_SIGN_STYLE = Automatic;
				COMBINE_HIDPI_IMAGES = YES;
				CURRENT_PROJECT_VERSION = 1;
				DEVELOPMENT_TEAM = 8FW6S5Z4LA;
				ENABLE_HARDENED_RUNTIME = YES;
				ENABLE_PREVIEWS = YES;
				GENERATE_INFOPLIST_FILE = YES;
				INFOPLIST_KEY_LSApplicationCategoryType = "public.app-category.word-games";
				INFOPLIST_KEY_NSHumanReadableCopyright = "";
				LD_RUNPATH_SEARCH_PATHS = (
					"$(inherited)",
					"@executable_path/../Frameworks",
				);
				MACOSX_DEPLOYMENT_TARGET = 12.0;
				MARKETING_VERSION = 1.0;
				PRODUCT_BUNDLE_IDENTIFIER = org.Alessian.Hangman;
				PRODUCT_NAME = Hangman;
				SDKROOT = macosx;
				SWIFT_EMIT_LOC_STRINGS = YES;
				SWIFT_VERSION = 5.0;
			};
			name = Debug;
		};
		B682DB8B2765B4B900FFAC75 /* Release */ = {
			isa = XCBuildConfiguration;
			buildSettings = {
				ASSETCATALOG_COMPILER_APPICON_NAME = AppIcon;
				ASSETCATALOG_COMPILER_GLOBAL_ACCENT_COLOR_NAME = AccentColor;
				CODE_SIGN_ENTITLEMENTS = "Hangman/Entitlements/Entitlements (macOS).entitlements";
				CODE_SIGN_IDENTITY = "-";
				CODE_SIGN_STYLE = Automatic;
				COMBINE_HIDPI_IMAGES = YES;
				CURRENT_PROJECT_VERSION = 1;
				DEVELOPMENT_TEAM = 8FW6S5Z4LA;
				ENABLE_HARDENED_RUNTIME = YES;
				ENABLE_PREVIEWS = YES;
				GENERATE_INFOPLIST_FILE = YES;
				INFOPLIST_KEY_LSApplicationCategoryType = "public.app-category.word-games";
				INFOPLIST_KEY_NSHumanReadableCopyright = "";
				LD_RUNPATH_SEARCH_PATHS = (
					"$(inherited)",
					"@executable_path/../Frameworks",
				);
				MACOSX_DEPLOYMENT_TARGET = 12.0;
				MARKETING_VERSION = 1.0;
				PRODUCT_BUNDLE_IDENTIFIER = org.Alessian.Hangman;
				PRODUCT_NAME = Hangman;
				SDKROOT = macosx;
				SWIFT_EMIT_LOC_STRINGS = YES;
				SWIFT_VERSION = 5.0;
			};
			name = Release;
		};
/* End XCBuildConfiguration section */

/* Begin XCConfigurationList section */
		B67098A3275CBA2600CBA442 /* Build configuration list for PBXProject "Hangman" */ = {
			isa = XCConfigurationList;
			buildConfigurations = (
				B67098B4275CBA2800CBA442 /* Debug */,
				B67098B5275CBA2800CBA442 /* Release */,
			);
			defaultConfigurationIsVisible = 0;
			defaultConfigurationName = Release;
		};
		B682DB862765B4B900FFAC75 /* Build configuration list for PBXNativeTarget "Hangman (iOS)" */ = {
			isa = XCConfigurationList;
			buildConfigurations = (
				B682DB872765B4B900FFAC75 /* Debug */,
				B682DB882765B4B900FFAC75 /* Release */,
			);
			defaultConfigurationIsVisible = 0;
			defaultConfigurationName = Release;
		};
		B682DB892765B4B900FFAC75 /* Build configuration list for PBXNativeTarget "Hangman (macOS)" */ = {
			isa = XCConfigurationList;
			buildConfigurations = (
				B682DB8A2765B4B900FFAC75 /* Debug */,
				B682DB8B2765B4B900FFAC75 /* Release */,
			);
			defaultConfigurationIsVisible = 0;
			defaultConfigurationName = Release;
		};
/* End XCConfigurationList section */
	};
	rootObject = B67098A0275CBA2600CBA442 /* Project object */;
}
